
Microsoft Visual Studio Solution File, Format Version 12.00
Project("{FAE04EC0-301F-11D3-BF4B-00C04F79EFBC}") = "KhalidAbuhakmeh.AspNetCore.Search", "KhalidAbuhakmeh.AspNetCore.Search.csproj", "{5FDDB2F1-FC29-43FA-83AD-025B2A024E33}"
EndProject
Global
	GlobalSection(SolutionConfigurationPlatforms) = preSolution
		Debug|Any CPU = Debug|Any CPU
		Release|Any CPU = Release|Any CPU
	EndGlobalSection
	GlobalSection(ProjectConfigurationPlatforms) = postSolution
		{5FDDB2F1-FC29-43FA-83AD-025B2A024E33}.Debug|Any CPU.ActiveCfg = Debug|Any CPU
		{5FDDB2F1-FC29-43FA-83AD-025B2A024E33}.Debug|Any CPU.Build.0 = Debug|Any CPU
		{5FDDB2F1-FC29-43FA-83AD-025B2A024E33}.Release|Any CPU.ActiveCfg = Release|Any CPU
		{5FDDB2F1-FC29-43FA-83AD-025B2A024E33}.Release|Any CPU.Build.0 = Release|Any CPU
	EndGlobalSection
EndGlobal
